// !$*UTF8*$!
{
	archiveVersion = 1;
	classes = {
	};
	objectVersion = 50;
	objects = {

/* Begin PBXBuildFile section */
		346FF56823479920006DF2E9 /* AppDelegate.swift in Sources */ = {isa = PBXBuildFile; fileRef = 346FF56723479920006DF2E9 /* AppDelegate.swift */; };
		346FF56A23479920006DF2E9 /* SceneDelegate.swift in Sources */ = {isa = PBXBuildFile; fileRef = 346FF56923479920006DF2E9 /* SceneDelegate.swift */; };
		346FF56C23479920006DF2E9 /* ViewController.swift in Sources */ = {isa = PBXBuildFile; fileRef = 346FF56B23479920006DF2E9 /* ViewController.swift */; };
		346FF56F23479920006DF2E9 /* Main.storyboard in Resources */ = {isa = PBXBuildFile; fileRef = 346FF56D23479920006DF2E9 /* Main.storyboard */; };
		346FF57123479922006DF2E9 /* Assets.xcassets in Resources */ = {isa = PBXBuildFile; fileRef = 346FF57023479922006DF2E9 /* Assets.xcassets */; };
		346FF57423479922006DF2E9 /* LaunchScreen.storyboard in Resources */ = {isa = PBXBuildFile; fileRef = 346FF57223479922006DF2E9 /* LaunchScreen.storyboard */; };
		346FF57C234799C3006DF2E9 /* MoviesConstants.swift in Sources */ = {isa = PBXBuildFile; fileRef = 346FF57B234799C3006DF2E9 /* MoviesConstants.swift */; };
		346FF57F23479F66006DF2E9 /* Movies.swift in Sources */ = {isa = PBXBuildFile; fileRef = 346FF57E23479F66006DF2E9 /* Movies.swift */; };
/* End PBXBuildFile section */

/* Begin PBXFileReference section */
		346FF56423479920006DF2E9 /* Assessment3.app */ = {isa = PBXFileReference; explicitFileType = wrapper.application; includeInIndex = 0; path = Assessment3.app; sourceTree = BUILT_PRODUCTS_DIR; };
		346FF56723479920006DF2E9 /* AppDelegate.swift */ = {isa = PBXFileReference; lastKnownFileType = sourcecode.swift; path = AppDelegate.swift; sourceTree = "<group>"; };
		346FF56923479920006DF2E9 /* SceneDelegate.swift */ = {isa = PBXFileReference; lastKnownFileType = sourcecode.swift; path = SceneDelegate.swift; sourceTree = "<group>"; };
		346FF56B23479920006DF2E9 /* ViewController.swift */ = {isa = PBXFileReference; lastKnownFileType = sourcecode.swift; path = ViewController.swift; sourceTree = "<group>"; };
		346FF56E23479920006DF2E9 /* Base */ = {isa = PBXFileReference; lastKnownFileType = file.storyboard; name = Base; path = Base.lproj/Main.storyboard; sourceTree = "<group>"; };
		346FF57023479922006DF2E9 /* Assets.xcassets */ = {isa = PBXFileReference; lastKnownFileType = folder.assetcatalog; path = Assets.xcassets; sourceTree = "<group>"; };
		346FF57323479922006DF2E9 /* Base */ = {isa = PBXFileReference; lastKnownFileType = file.storyboard; name = Base; path = Base.lproj/LaunchScreen.storyboard; sourceTree = "<group>"; };
		346FF57523479922006DF2E9 /* Info.plist */ = {isa = PBXFileReference; lastKnownFileType = text.plist.xml; path = Info.plist; sourceTree = "<group>"; };
		346FF57B234799C3006DF2E9 /* MoviesConstants.swift */ = {isa = PBXFileReference; lastKnownFileType = sourcecode.swift; path = MoviesConstants.swift; sourceTree = "<group>"; };
		346FF57E23479F66006DF2E9 /* Movies.swift */ = {isa = PBXFileReference; lastKnownFileType = sourcecode.swift; path = Movies.swift; sourceTree = "<group>"; };
/* End PBXFileReference section */

/* Begin PBXFrameworksBuildPhase section */
		346FF56123479920006DF2E9 /* Frameworks */ = {
			isa = PBXFrameworksBuildPhase;
			buildActionMask = 2147483647;
			files = (
			);
			runOnlyForDeploymentPostprocessing = 0;
		};
/* End PBXFrameworksBuildPhase section */

/* Begin PBXGroup section */
		346FF55B23479920006DF2E9 = {
			isa = PBXGroup;
			children = (
				346FF56623479920006DF2E9 /* Assessment3 */,
				346FF56523479920006DF2E9 /* Products */,
			);
			sourceTree = "<group>";
		};
		346FF56523479920006DF2E9 /* Products */ = {
			isa = PBXGroup;
			children = (
				346FF56423479920006DF2E9 /* Assessment3.app */,
			);
			name = Products;
			sourceTree = "<group>";
		};
		346FF56623479920006DF2E9 /* Assessment3 */ = {
			isa = PBXGroup;
			children = (
				346FF57B234799C3006DF2E9 /* MoviesConstants.swift */,
				346FF57E23479F66006DF2E9 /* Movies.swift */,
				346FF56B23479920006DF2E9 /* ViewController.swift */,
				346FF56D23479920006DF2E9 /* Main.storyboard */,
				346FF57D23479EFF006DF2E9 /* resources */,
			);
			path = Assessment3;
			sourceTree = "<group>";
		};
		346FF57D23479EFF006DF2E9 /* resources */ = {
			isa = PBXGroup;
			children = (
				346FF56723479920006DF2E9 /* AppDelegate.swift */,
				346FF56923479920006DF2E9 /* SceneDelegate.swift */,
				346FF57023479922006DF2E9 /* Assets.xcassets */,
				346FF57223479922006DF2E9 /* LaunchScreen.storyboard */,
				346FF57523479922006DF2E9 /* Info.plist */,
			);
			path = resources;
			sourceTree = "<group>";
		};
/* End PBXGroup section */

/* Begin PBXNativeTarget section */
		346FF56323479920006DF2E9 /* Assessment3 */ = {
			isa = PBXNativeTarget;
			buildConfigurationList = 346FF57823479922006DF2E9 /* Build configuration list for PBXNativeTarget "Assessment3" */;
			buildPhases = (
				346FF56023479920006DF2E9 /* Sources */,
				346FF56123479920006DF2E9 /* Frameworks */,
				346FF56223479920006DF2E9 /* Resources */,
			);
			buildRules = (
			);
			dependencies = (
			);
			name = Assessment3;
			productName = Assessment3;
			productReference = 346FF56423479920006DF2E9 /* Assessment3.app */;
			productType = "com.apple.product-type.application";
		};
/* End PBXNativeTarget section */

/* Begin PBXProject section */
		346FF55C23479920006DF2E9 /* Project object */ = {
			isa = PBXProject;
			attributes = {
				LastSwiftUpdateCheck = 1100;
				LastUpgradeCheck = 1100;
				ORGANIZATIONNAME = "Matthew O'Connor";
				TargetAttributes = {
					346FF56323479920006DF2E9 = {
						CreatedOnToolsVersion = 11.0;
					};
				};
			};
			buildConfigurationList = 346FF55F23479920006DF2E9 /* Build configuration list for PBXProject "Assessment3" */;
			compatibilityVersion = "Xcode 9.3";
			developmentRegion = en;
			hasScannedForEncodings = 0;
			knownRegions = (
				en,
				Base,
			);
			mainGroup = 346FF55B23479920006DF2E9;
			productRefGroup = 346FF56523479920006DF2E9 /* Products */;
			projectDirPath = "";
			projectRoot = "";
			targets = (
				346FF56323479920006DF2E9 /* Assessment3 */,
			);
		};
/* End PBXProject section */

/* Begin PBXResourcesBuildPhase section */
		346FF56223479920006DF2E9 /* Resources */ = {
			isa = PBXResourcesBuildPhase;
			buildActionMask = 2147483647;
			files = (
				346FF57423479922006DF2E9 /* LaunchScreen.storyboard in Resources */,
				346FF57123479922006DF2E9 /* Assets.xcassets in Resources */,
				346FF56F23479920006DF2E9 /* Main.storyboard in Resources */,
			);
			runOnlyForDeploymentPostprocessing = 0;
		};
/* End PBXResourcesBuildPhase section */

/* Begin PBXSourcesBuildPhase section */
		346FF56023479920006DF2E9 /* Sources */ = {
			isa = PBXSourcesBuildPhase;
			buildActionMask = 2147483647;
			files = (
				346FF57F23479F66006DF2E9 /* Movies.swift in Sources */,
				346FF57C234799C3006DF2E9 /* MoviesConstants.swift in Sources */,
				346FF56C23479920006DF2E9 /* ViewController.swift in Sources */,
				346FF56823479920006DF2E9 /* AppDelegate.swift in Sources */,
				346FF56A23479920006DF2E9 /* SceneDelegate.swift in Sources */,
			);
			runOnlyForDeploymentPostprocessing = 0;
		};
/* End PBXSourcesBuildPhase section */

/* Begin PBXVariantGroup section */
		346FF56D23479920006DF2E9 /* Main.storyboard */ = {
			isa = PBXVariantGroup;
			children = (
				346FF56E23479920006DF2E9 /* Base */,
			);
			name = Main.storyboard;
			sourceTree = "<group>";
		};
		346FF57223479922006DF2E9 /* LaunchScreen.storyboard */ = {
			isa = PBXVariantGroup;
			children = (
				346FF57323479922006DF2E9 /* Base */,
			);
			name = LaunchScreen.storyboard;
			sourceTree = "<group>";
		};
/* End PBXVariantGroup section */

/* Begin XCBuildConfiguration section */
		346FF57623479922006DF2E9 /* Debug */ = {
			isa = XCBuildConfiguration;
			buildSettings = {
				ALWAYS_SEARCH_USER_PATHS = NO;
				CLANG_ANALYZER_NONNULL = YES;
				CLANG_ANALYZER_NUMBER_OBJECT_CONVERSION = YES_AGGRESSIVE;
				CLANG_CXX_LANGUAGE_STANDARD = "gnu++14";
				CLANG_CXX_LIBRARY = "libc++";
				CLANG_ENABLE_MODULES = YES;
				CLANG_ENABLE_OBJC_ARC = YES;
				CLANG_ENABLE_OBJC_WEAK = YES;
				CLANG_WARN_BLOCK_CAPTURE_AUTORELEASING = YES;
				CLANG_WARN_BOOL_CONVERSION = YES;
				CLANG_WARN_COMMA = YES;
				CLANG_WARN_CONSTANT_CONVERSION = YES;
				CLANG_WARN_DEPRECATED_OBJC_IMPLEMENTATIONS = YES;
				CLANG_WARN_DIRECT_OBJC_ISA_USAGE = YES_ERROR;
				CLANG_WARN_DOCUMENTATION_COMMENTS = YES;
				CLANG_WARN_EMPTY_BODY = YES;
				CLANG_WARN_ENUM_CONVERSION = YES;
				CLANG_WARN_INFINITE_RECURSION = YES;
				CLANG_WARN_INT_CONVERSION = YES;
				CLANG_WARN_NON_LITERAL_NULL_CONVERSION = YES;
				CLANG_WARN_OBJC_IMPLICIT_RETAIN_SELF = YES;
				CLANG_WARN_OBJC_LITERAL_CONVERSION = YES;
				CLANG_WARN_OBJC_ROOT_CLASS = YES_ERROR;
				CLANG_WARN_RANGE_LOOP_ANALYSIS = YES;
				CLANG_WARN_STRICT_PROTOTYPES = YES;
				CLANG_WARN_SUSPICIOUS_MOVE = YES;
				CLANG_WARN_UNGUARDED_AVAILABILITY = YES_AGGRESSIVE;
				CLANG_WARN_UNREACHABLE_CODE = YES;
				CLANG_WARN__DUPLICATE_METHOD_MATCH = YES;
				COPY_PHASE_STRIP = NO;
				DEBUG_INFORMATION_FORMAT = dwarf;
				ENABLE_STRICT_OBJC_MSGSEND = YES;
				ENABLE_TESTABILITY = YES;
				GCC_C_LANGUAGE_STANDARD = gnu11;
				GCC_DYNAMIC_NO_PIC = NO;
				GCC_NO_COMMON_BLOCKS = YES;
				GCC_OPTIMIZATION_LEVEL = 0;
				GCC_PREPROCESSOR_DEFINITIONS = (
					"DEBUG=1",
					"$(inherited)",
				);
				GCC_WARN_64_TO_32_BIT_CONVERSION = YES;
				GCC_WARN_ABOUT_RETURN_TYPE = YES_ERROR;
				GCC_WARN_UNDECLARED_SELECTOR = YES;
				GCC_WARN_UNINITIALIZED_AUTOS = YES_AGGRESSIVE;
				GCC_WARN_UNUSED_FUNCTION = YES;
				GCC_WARN_UNUSED_VARIABLE = YES;
				IPHONEOS_DEPLOYMENT_TARGET = 13.0;
				MTL_ENABLE_DEBUG_INFO = INCLUDE_SOURCE;
				MTL_FAST_MATH = YES;
				ONLY_ACTIVE_ARCH = YES;
				SDKROOT = iphoneos;
				SWIFT_ACTIVE_COMPILATION_CONDITIONS = DEBUG;
				SWIFT_OPTIMIZATION_LEVEL = "-Onone";
			};
			name = Debug;
		};
		346FF57723479922006DF2E9 /* Release */ = {
			isa = XCBuildConfiguration;
			buildSettings = {
				ALWAYS_SEARCH_USER_PATHS = NO;
				CLANG_ANALYZER_NONNULL = YES;
				CLANG_ANALYZER_NUMBER_OBJECT_CONVERSION = YES_AGGRESSIVE;
				CLANG_CXX_LANGUAGE_STANDARD = "gnu++14";
				CLANG_CXX_LIBRARY = "libc++";
				CLANG_ENABLE_MODULES = YES;
				CLANG_ENABLE_OBJC_ARC = YES;
				CLANG_ENABLE_OBJC_WEAK = YES;
				CLANG_WARN_BLOCK_CAPTURE_AUTORELEASING = YES;
				CLANG_WARN_BOOL_CONVERSION = YES;
				CLANG_WARN_COMMA = YES;
				CLANG_WARN_CONSTANT_CONVERSION = YES;
				CLANG_WARN_DEPRECATED_OBJC_IMPLEMENTATIONS = YES;
				CLANG_WARN_DIRECT_OBJC_ISA_USAGE = YES_ERROR;
				CLANG_WARN_DOCUMENTATION_COMMENTS = YES;
				CLANG_WARN_EMPTY_BODY = YES;
				CLANG_WARN_ENUM_CONVERSION = YES;
				CLANG_WARN_INFINITE_RECURSION = YES;
				CLANG_WARN_INT_CONVERSION = YES;
				CLANG_WARN_NON_LITERAL_NULL_CONVERSION = YES;
				CLANG_WARN_OBJC_IMPLICIT_RETAIN_SELF = YES;
				CLANG_WARN_OBJC_LITERAL_CONVERSION = YES;
				CLANG_WARN_OBJC_ROOT_CLASS = YES_ERROR;
				CLANG_WARN_RANGE_LOOP_ANALYSIS = YES;
				CLANG_WARN_STRICT_PROTOTYPES = YES;
				CLANG_WARN_SUSPICIOUS_MOVE = YES;
				CLANG_WARN_UNGUARDED_AVAILABILITY = YES_AGGRESSIVE;
				CLANG_WARN_UNREACHABLE_CODE = YES;
				CLANG_WARN__DUPLICATE_METHOD_MATCH = YES;
				COPY_PHASE_STRIP = NO;
				DEBUG_INFORMATION_FORMAT = "dwarf-with-dsym";
				ENABLE_NS_ASSERTIONS = NO;
				ENABLE_STRICT_OBJC_MSGSEND = YES;
				GCC_C_LANGUAGE_STANDARD = gnu11;
				GCC_NO_COMMON_BLOCKS = YES;
				GCC_WARN_64_TO_32_BIT_CONVERSION = YES;
				GCC_WARN_ABOUT_RETURN_TYPE = YES_ERROR;
				GCC_WARN_UNDECLARED_SELECTOR = YES;
				GCC_WARN_UNINITIALIZED_AUTOS = YES_AGGRESSIVE;
				GCC_WARN_UNUSED_FUNCTION = YES;
				GCC_WARN_UNUSED_VARIABLE = YES;
				IPHONEOS_DEPLOYMENT_TARGET = 13.0;
				MTL_ENABLE_DEBUG_INFO = NO;
				MTL_FAST_MATH = YES;
				SDKROOT = iphoneos;
				SWIFT_COMPILATION_MODE = wholemodule;
				SWIFT_OPTIMIZATION_LEVEL = "-O";
				VALIDATE_PRODUCT = YES;
			};
			name = Release;
		};
		346FF57923479922006DF2E9 /* Debug */ = {
			isa = XCBuildConfiguration;
			buildSettings = {
				ASSETCATALOG_COMPILER_APPICON_NAME = AppIcon;
				CODE_SIGN_STYLE = Automatic;
				DEVELOPMENT_TEAM = RRGZ3XLFVN;
				INFOPLIST_FILE = Assessment3/resources/Info.plist;
				LD_RUNPATH_SEARCH_PATHS = (
					"$(inherited)",
					"@executable_path/Frameworks",
				);
				PRODUCT_BUNDLE_IDENTIFIER = deltas2k.Assessment3;
				PRODUCT_NAME = "$(TARGET_NAME)";
				SWIFT_VERSION = 5.0;
				TARGETED_DEVICE_FAMILY = "1,2";
			};
			name = Debug;
		};
		346FF57A23479922006DF2E9 /* Release */ = {
			isa = XCBuildConfiguration;
			buildSettings = {
				ASSETCATALOG_COMPILER_APPICON_NAME = AppIcon;
				CODE_SIGN_STYLE = Automatic;
				DEVELOPMENT_TEAM = RRGZ3XLFVN;
				INFOPLIST_FILE = Assessment3/resources/Info.plist;
				LD_RUNPATH_SEARCH_PATHS = (
					"$(inherited)",
					"@executable_path/Frameworks",
				);
				PRODUCT_BUNDLE_IDENTIFIER = deltas2k.Assessment3;
				PRODUCT_NAME = "$(TARGET_NAME)";
				SWIFT_VERSION = 5.0;
				TARGETED_DEVICE_FAMILY = "1,2";
			};
			name = Release;
		};
/* End XCBuildConfiguration section */

/* Begin XCConfigurationList section */
		346FF55F23479920006DF2E9 /* Build configuration list for PBXProject "Assessment3" */ = {
			isa = XCConfigurationList;
			buildConfigurations = (
				346FF57623479922006DF2E9 /* Debug */,
				346FF57723479922006DF2E9 /* Release */,
			);
			defaultConfigurationIsVisible = 0;
			defaultConfigurationName = Release;
		};
		346FF57823479922006DF2E9 /* Build configuration list for PBXNativeTarget "Assessment3" */ = {
			isa = XCConfigurationList;
			buildConfigurations = (
				346FF57923479922006DF2E9 /* Debug */,
				346FF57A23479922006DF2E9 /* Release */,
			);
			defaultConfigurationIsVisible = 0;
			defaultConfigurationName = Release;
		};
/* End XCConfigurationList section */
	};
	rootObject = 346FF55C23479920006DF2E9 /* Project object */;
}
